{
	"name": "google-mcp",
	"version": "1.0.0",
	"lockfileVersion": 3,
	"requires": true,
	"packages": {
		"": {
			"name": "google-mcp",
			"version": "1.0.0",
			"dependencies": {
				"dotenv": "^17.4.2",
				"rpc-engine": "^12.0.0"
			},
			"engines": {
				"node": ">=22.5.0"
			}
		},
		"node_modules/dotenv": {
			"version": "17.4.2",
			"resolved": "https://registry.npmjs.org/dotenv/-/dotenv-17.4.2.tgz",
			"integrity": "sha512-nI4U3TottKAcAD9LLud4Cb7b2QztQMUEfHbvhTH09bqXTxnSie8WnjPALV/WMCrJZ6UV/qHJ6L03OqO3LcdYZw==",
			"license": "BSD-2-Clause",
			"engines": {
				"node": ">=12"
			},
			"funding": {
				"url": "https://dotenvx.com"
			}
		},
		"node_modules/rpc-engine": {
			"version": "12.0.0",
			"resolved": "https://registry.npmjs.org/rpc-engine/-/rpc-engine-12.0.0.tgz",
			"integrity": "sha512-yDknQ3khE9DsfNiowm1PYdsOqFqKy+JSSoan2otz8E9uqOwoJP1XgOzAXKhZgXaXqgfUoslJY/0C1jlyO92+mg==",
			"license": "MIT"
		}
	}
}
